
Microsoft Visual Studio Solution File, Format Version 12.00
# Visual Studio Version 17
VisualStudioVersion = 17.6.33815.320
MinimumVisualStudioVersion = 10.0.40219.1
Project("{FAE04EC0-301F-11D3-BF4B-00C04F79EFBC}") = "Employment-Project", "Employment-Project\Employment-Project.csproj", "{275AD49C-D50A-4F7A-A590-C944CC732DB6}"
EndProject
Global
	GlobalSection(SolutionConfigurationPlatforms) = preSolution
		Debug|Any CPU = Debug|Any CPU
		Release|Any CPU = Release|Any CPU
	EndGlobalSection
	GlobalSection(ProjectConfigurationPlatforms) = postSolution
		{275AD49C-D50A-4F7A-A590-C944CC732DB6}.Debug|Any CPU.ActiveCfg = Debug|Any CPU
		{275AD49C-D50A-4F7A-A590-C944CC732DB6}.Debug|Any CPU.Build.0 = Debug|Any CPU
		{275AD49C-D50A-4F7A-A590-C944CC732DB6}.Release|Any CPU.ActiveCfg = Release|Any CPU
		{275AD49C-D50A-4F7A-A590-C944CC732DB6}.Release|Any CPU.Build.0 = Release|Any CPU
	EndGlobalSection
	GlobalSection(SolutionProperties) = preSolution
		HideSolutionNode = FALSE
	EndGlobalSection
	GlobalSection(ExtensibilityGlobals) = postSolution
		SolutionGuid = {F0288E05-CCB3-4BC8-A922-27375DE62275}
	EndGlobalSection
EndGlobal
